
Microsoft Visual Studio Solution File, Format Version 12.00
# Visual Studio 14
VisualStudioVersion = 14.0.25420.1
MinimumVisualStudioVersion = 10.0.40219.1
Project("{F2A71F9B-5D33-465A-A702-920D77279786}") = "VS2015FSharpLibrary", "VS2015FSharpLibrary.fsproj", "{6C0470E0-58F8-42EF-A333-E28AEBAF7AFE}"
EndProject
Global
	GlobalSection(SolutionConfigurationPlatforms) = preSolution
		Debug|Any CPU = Debug|Any CPU
		Release|Any CPU = Release|Any CPU
	EndGlobalSection
	GlobalSection(ProjectConfigurationPlatforms) = postSolution
		{6C0470E0-58F8-42EF-A333-E28AEBAF7AFE}.Debug|Any CPU.ActiveCfg = Debug|Any CPU
		{6C0470E0-58F8-42EF-A333-E28AEBAF7AFE}.Debug|Any CPU.Build.0 = Debug|Any CPU
		{6C0470E0-58F8-42EF-A333-E28AEBAF7AFE}.Release|Any CPU.ActiveCfg = Release|Any CPU
		{6C0470E0-58F8-42EF-A333-E28AEBAF7AFE}.Release|Any CPU.Build.0 = Release|Any CPU
	EndGlobalSection
	GlobalSection(SolutionProperties) = preSolution
		HideSolutionNode = FALSE
	EndGlobalSection
EndGlobal
